// !$*UTF8*$!
{
	archiveVersion = 1;
	classes = {
	};
	objectVersion = 55;
	objects = {

/* Begin PBXBuildFile section */
		1D417785456BC64DBA67D025 /* Pods_MELI_iOS_ChallengeTests.framework in Frameworks */ = {isa = PBXBuildFile; fileRef = 206A8A41BA208E4F44588030 /* Pods_MELI_iOS_ChallengeTests.framework */; };
		6634476328D096F800135F28 /* AppDelegate.swift in Sources */ = {isa = PBXBuildFile; fileRef = 6634476228D096F800135F28 /* AppDelegate.swift */; };
		6634476528D096F800135F28 /* SceneDelegate.swift in Sources */ = {isa = PBXBuildFile; fileRef = 6634476428D096F800135F28 /* SceneDelegate.swift */; };
		6634476728D096F800135F28 /* HomeViewController.swift in Sources */ = {isa = PBXBuildFile; fileRef = 6634476628D096F800135F28 /* HomeViewController.swift */; };
		6634476C28D096FB00135F28 /* Assets.xcassets in Resources */ = {isa = PBXBuildFile; fileRef = 6634476B28D096FB00135F28 /* Assets.xcassets */; };
		6634476F28D096FB00135F28 /* LaunchScreen.storyboard in Resources */ = {isa = PBXBuildFile; fileRef = 6634476D28D096FB00135F28 /* LaunchScreen.storyboard */; };
		6634477A28D096FB00135F28 /* MELI_iOS_ChallengeTests.swift in Sources */ = {isa = PBXBuildFile; fileRef = 6634477928D096FB00135F28 /* MELI_iOS_ChallengeTests.swift */; };
		6634478428D096FB00135F28 /* MELI_iOS_ChallengeUITests.swift in Sources */ = {isa = PBXBuildFile; fileRef = 6634478328D096FB00135F28 /* MELI_iOS_ChallengeUITests.swift */; };
		6634478628D096FB00135F28 /* MELI_iOS_ChallengeUITestsLaunchTests.swift in Sources */ = {isa = PBXBuildFile; fileRef = 6634478528D096FB00135F28 /* MELI_iOS_ChallengeUITestsLaunchTests.swift */; };
		66795CA128D0E5CB00C449CD /* Networking.swift in Sources */ = {isa = PBXBuildFile; fileRef = 66795CA028D0E5CB00C449CD /* Networking.swift */; };
		66795CA328D0E75700C449CD /* MeLiTextField.swift in Sources */ = {isa = PBXBuildFile; fileRef = 66795CA228D0E75700C449CD /* MeLiTextField.swift */; };
		66795CA528D0EC9600C449CD /* MeLiProductCell.swift in Sources */ = {isa = PBXBuildFile; fileRef = 66795CA428D0EC9600C449CD /* MeLiProductCell.swift */; };
		66795CA728D0EF2E00C449CD /* ProductsListController.swift in Sources */ = {isa = PBXBuildFile; fileRef = 66795CA628D0EF2E00C449CD /* ProductsListController.swift */; };
		66795CA928D0EF5100C449CD /* ProductDetailController.swift in Sources */ = {isa = PBXBuildFile; fileRef = 66795CA828D0EF5100C449CD /* ProductDetailController.swift */; };
		E7E8E7123F306EA3395F567B /* Pods_MELI_iOS_Challenge.framework in Frameworks */ = {isa = PBXBuildFile; fileRef = E612E22BD5189DB19626B3D8 /* Pods_MELI_iOS_Challenge.framework */; };
		EFE5952A24E78B17B9F3E238 /* Pods_MELI_iOS_Challenge_MELI_iOS_ChallengeUITests.framework in Frameworks */ = {isa = PBXBuildFile; fileRef = 4FE07A3D2A41B36E0145DDB7 /* Pods_MELI_iOS_Challenge_MELI_iOS_ChallengeUITests.framework */; };
/* End PBXBuildFile section */

/* Begin PBXContainerItemProxy section */
		6634477628D096FB00135F28 /* PBXContainerItemProxy */ = {
			isa = PBXContainerItemProxy;
			containerPortal = 6634475728D096F800135F28 /* Project object */;
			proxyType = 1;
			remoteGlobalIDString = 6634475E28D096F800135F28;
			remoteInfo = "MELI iOS Challenge";
		};
		6634478028D096FB00135F28 /* PBXContainerItemProxy */ = {
			isa = PBXContainerItemProxy;
			containerPortal = 6634475728D096F800135F28 /* Project object */;
			proxyType = 1;
			remoteGlobalIDString = 6634475E28D096F800135F28;
			remoteInfo = "MELI iOS Challenge";
		};
/* End PBXContainerItemProxy section */

/* Begin PBXFileReference section */
		015EEC9DB86FBCBD619707F8 /* Pods-MELI iOS ChallengeTests.release.xcconfig */ = {isa = PBXFileReference; includeInIndex = 1; lastKnownFileType = text.xcconfig; name = "Pods-MELI iOS ChallengeTests.release.xcconfig"; path = "Target Support Files/Pods-MELI iOS ChallengeTests/Pods-MELI iOS ChallengeTests.release.xcconfig"; sourceTree = "<group>"; };
		141072649EE7D88627A51BB0 /* Pods-MELI iOS Challenge-MELI iOS ChallengeUITests.release.xcconfig */ = {isa = PBXFileReference; includeInIndex = 1; lastKnownFileType = text.xcconfig; name = "Pods-MELI iOS Challenge-MELI iOS ChallengeUITests.release.xcconfig"; path = "Target Support Files/Pods-MELI iOS Challenge-MELI iOS ChallengeUITests/Pods-MELI iOS Challenge-MELI iOS ChallengeUITests.release.xcconfig"; sourceTree = "<group>"; };
		206A8A41BA208E4F44588030 /* Pods_MELI_iOS_ChallengeTests.framework */ = {isa = PBXFileReference; explicitFileType = wrapper.framework; includeInIndex = 0; path = Pods_MELI_iOS_ChallengeTests.framework; sourceTree = BUILT_PRODUCTS_DIR; };
		2095AED0D4F7AF71CC858E72 /* Pods-MELI iOS Challenge.debug.xcconfig */ = {isa = PBXFileReference; includeInIndex = 1; lastKnownFileType = text.xcconfig; name = "Pods-MELI iOS Challenge.debug.xcconfig"; path = "Target Support Files/Pods-MELI iOS Challenge/Pods-MELI iOS Challenge.debug.xcconfig"; sourceTree = "<group>"; };
		49F372925E204EBB44CE753F /* Pods-MELI iOS Challenge-MELI iOS ChallengeUITests.debug.xcconfig */ = {isa = PBXFileReference; includeInIndex = 1; lastKnownFileType = text.xcconfig; name = "Pods-MELI iOS Challenge-MELI iOS ChallengeUITests.debug.xcconfig"; path = "Target Support Files/Pods-MELI iOS Challenge-MELI iOS ChallengeUITests/Pods-MELI iOS Challenge-MELI iOS ChallengeUITests.debug.xcconfig"; sourceTree = "<group>"; };
		4FE07A3D2A41B36E0145DDB7 /* Pods_MELI_iOS_Challenge_MELI_iOS_ChallengeUITests.framework */ = {isa = PBXFileReference; explicitFileType = wrapper.framework; includeInIndex = 0; path = Pods_MELI_iOS_Challenge_MELI_iOS_ChallengeUITests.framework; sourceTree = BUILT_PRODUCTS_DIR; };
		6634475F28D096F800135F28 /* MELI iOS Challenge.app */ = {isa = PBXFileReference; explicitFileType = wrapper.application; includeInIndex = 0; path = "MELI iOS Challenge.app"; sourceTree = BUILT_PRODUCTS_DIR; };
		6634476228D096F800135F28 /* AppDelegate.swift */ = {isa = PBXFileReference; lastKnownFileType = sourcecode.swift; path = AppDelegate.swift; sourceTree = "<group>"; };
		6634476428D096F800135F28 /* SceneDelegate.swift */ = {isa = PBXFileReference; lastKnownFileType = sourcecode.swift; path = SceneDelegate.swift; sourceTree = "<group>"; };
		6634476628D096F800135F28 /* HomeViewController.swift */ = {isa = PBXFileReference; lastKnownFileType = sourcecode.swift; path = HomeViewController.swift; sourceTree = "<group>"; };
		6634476B28D096FB00135F28 /* Assets.xcassets */ = {isa = PBXFileReference; lastKnownFileType = folder.assetcatalog; path = Assets.xcassets; sourceTree = "<group>"; };
		6634476E28D096FB00135F28 /* Base */ = {isa = PBXFileReference; lastKnownFileType = file.storyboard; name = Base; path = Base.lproj/LaunchScreen.storyboard; sourceTree = "<group>"; };
		6634477028D096FB00135F28 /* Info.plist */ = {isa = PBXFileReference; lastKnownFileType = text.plist.xml; path = Info.plist; sourceTree = "<group>"; };
		6634477528D096FB00135F28 /* MELI iOS ChallengeTests.xctest */ = {isa = PBXFileReference; explicitFileType = wrapper.cfbundle; includeInIndex = 0; path = "MELI iOS ChallengeTests.xctest"; sourceTree = BUILT_PRODUCTS_DIR; };
		6634477928D096FB00135F28 /* MELI_iOS_ChallengeTests.swift */ = {isa = PBXFileReference; lastKnownFileType = sourcecode.swift; path = MELI_iOS_ChallengeTests.swift; sourceTree = "<group>"; };
		6634477F28D096FB00135F28 /* MELI iOS ChallengeUITests.xctest */ = {isa = PBXFileReference; explicitFileType = wrapper.cfbundle; includeInIndex = 0; path = "MELI iOS ChallengeUITests.xctest"; sourceTree = BUILT_PRODUCTS_DIR; };
		6634478328D096FB00135F28 /* MELI_iOS_ChallengeUITests.swift */ = {isa = PBXFileReference; lastKnownFileType = sourcecode.swift; path = MELI_iOS_ChallengeUITests.swift; sourceTree = "<group>"; };
		6634478528D096FB00135F28 /* MELI_iOS_ChallengeUITestsLaunchTests.swift */ = {isa = PBXFileReference; lastKnownFileType = sourcecode.swift; path = MELI_iOS_ChallengeUITestsLaunchTests.swift; sourceTree = "<group>"; };
		66795CA028D0E5CB00C449CD /* Networking.swift */ = {isa = PBXFileReference; lastKnownFileType = sourcecode.swift; path = Networking.swift; sourceTree = "<group>"; };
		66795CA228D0E75700C449CD /* MeLiTextField.swift */ = {isa = PBXFileReference; lastKnownFileType = sourcecode.swift; path = MeLiTextField.swift; sourceTree = "<group>"; };
		66795CA428D0EC9600C449CD /* MeLiProductCell.swift */ = {isa = PBXFileReference; lastKnownFileType = sourcecode.swift; path = MeLiProductCell.swift; sourceTree = "<group>"; };
		66795CA628D0EF2E00C449CD /* ProductsListController.swift */ = {isa = PBXFileReference; lastKnownFileType = sourcecode.swift; path = ProductsListController.swift; sourceTree = "<group>"; };
		66795CA828D0EF5100C449CD /* ProductDetailController.swift */ = {isa = PBXFileReference; lastKnownFileType = sourcecode.swift; path = ProductDetailController.swift; sourceTree = "<group>"; };
		6AC14692C069D9B51498150F /* Pods-MELI iOS Challenge.release.xcconfig */ = {isa = PBXFileReference; includeInIndex = 1; lastKnownFileType = text.xcconfig; name = "Pods-MELI iOS Challenge.release.xcconfig"; path = "Target Support Files/Pods-MELI iOS Challenge/Pods-MELI iOS Challenge.release.xcconfig"; sourceTree = "<group>"; };
		E612E22BD5189DB19626B3D8 /* Pods_MELI_iOS_Challenge.framework */ = {isa = PBXFileReference; explicitFileType = wrapper.framework; includeInIndex = 0; path = Pods_MELI_iOS_Challenge.framework; sourceTree = BUILT_PRODUCTS_DIR; };
		F949A3936318B71A08BDCACD /* Pods-MELI iOS ChallengeTests.debug.xcconfig */ = {isa = PBXFileReference; includeInIndex = 1; lastKnownFileType = text.xcconfig; name = "Pods-MELI iOS ChallengeTests.debug.xcconfig"; path = "Target Support Files/Pods-MELI iOS ChallengeTests/Pods-MELI iOS ChallengeTests.debug.xcconfig"; sourceTree = "<group>"; };
/* End PBXFileReference section */

/* Begin PBXFrameworksBuildPhase section */
		6634475C28D096F800135F28 /* Frameworks */ = {
			isa = PBXFrameworksBuildPhase;
			buildActionMask = 2147483647;
			files = (
				E7E8E7123F306EA3395F567B /* Pods_MELI_iOS_Challenge.framework in Frameworks */,
			);
			runOnlyForDeploymentPostprocessing = 0;
		};
		6634477228D096FB00135F28 /* Frameworks */ = {
			isa = PBXFrameworksBuildPhase;
			buildActionMask = 2147483647;
			files = (
				1D417785456BC64DBA67D025 /* Pods_MELI_iOS_ChallengeTests.framework in Frameworks */,
			);
			runOnlyForDeploymentPostprocessing = 0;
		};
		6634477C28D096FB00135F28 /* Frameworks */ = {
			isa = PBXFrameworksBuildPhase;
			buildActionMask = 2147483647;
			files = (
				EFE5952A24E78B17B9F3E238 /* Pods_MELI_iOS_Challenge_MELI_iOS_ChallengeUITests.framework in Frameworks */,
			);
			runOnlyForDeploymentPostprocessing = 0;
		};
/* End PBXFrameworksBuildPhase section */

/* Begin PBXGroup section */
		6634475628D096F800135F28 = {
			isa = PBXGroup;
			children = (
				6634476128D096F800135F28 /* MELI iOS Challenge */,
				6634477828D096FB00135F28 /* MELI iOS ChallengeTests */,
				6634478228D096FB00135F28 /* MELI iOS ChallengeUITests */,
				6634476028D096F800135F28 /* Products */,
				824EB706FEFEC519FD69F0C6 /* Pods */,
				992539D3F2315106E5D81443 /* Frameworks */,
			);
			sourceTree = "<group>";
		};
		6634476028D096F800135F28 /* Products */ = {
			isa = PBXGroup;
			children = (
				6634475F28D096F800135F28 /* MELI iOS Challenge.app */,
				6634477528D096FB00135F28 /* MELI iOS ChallengeTests.xctest */,
				6634477F28D096FB00135F28 /* MELI iOS ChallengeUITests.xctest */,
			);
			name = Products;
			sourceTree = "<group>";
		};
		6634476128D096F800135F28 /* MELI iOS Challenge */ = {
			isa = PBXGroup;
			children = (
				6634479628D0AB6700135F28 /* App */,
				6634479528D0AB2E00135F28 /* Components */,
				6634479228D0AB0500135F28 /* Model */,
				6634479328D0AB0800135F28 /* Presenter */,
				6634479428D0AB0C00135F28 /* View */,
				6634477028D096FB00135F28 /* Info.plist */,
			);
			path = "MELI iOS Challenge";
			sourceTree = "<group>";
		};
		6634477828D096FB00135F28 /* MELI iOS ChallengeTests */ = {
			isa = PBXGroup;
			children = (
				6634477928D096FB00135F28 /* MELI_iOS_ChallengeTests.swift */,
			);
			path = "MELI iOS ChallengeTests";
			sourceTree = "<group>";
		};
		6634478228D096FB00135F28 /* MELI iOS ChallengeUITests */ = {
			isa = PBXGroup;
			children = (
				6634478328D096FB00135F28 /* MELI_iOS_ChallengeUITests.swift */,
				6634478528D096FB00135F28 /* MELI_iOS_ChallengeUITestsLaunchTests.swift */,
			);
			path = "MELI iOS ChallengeUITests";
			sourceTree = "<group>";
		};
		6634479228D0AB0500135F28 /* Model */ = {
			isa = PBXGroup;
			children = (
				66795CA028D0E5CB00C449CD /* Networking.swift */,
			);
			path = Model;
			sourceTree = "<group>";
		};
		6634479328D0AB0800135F28 /* Presenter */ = {
			isa = PBXGroup;
			children = (
			);
			path = Presenter;
			sourceTree = "<group>";
		};
		6634479428D0AB0C00135F28 /* View */ = {
			isa = PBXGroup;
			children = (
				6634476D28D096FB00135F28 /* LaunchScreen.storyboard */,
				6634476628D096F800135F28 /* HomeViewController.swift */,
				66795CA628D0EF2E00C449CD /* ProductsListController.swift */,
				66795CA828D0EF5100C449CD /* ProductDetailController.swift */,
			);
			path = View;
			sourceTree = "<group>";
		};
		6634479528D0AB2E00135F28 /* Components */ = {
			isa = PBXGroup;
			children = (
				6634476B28D096FB00135F28 /* Assets.xcassets */,
				66795CA228D0E75700C449CD /* MeLiTextField.swift */,
				66795CA428D0EC9600C449CD /* MeLiProductCell.swift */,
			);
			path = Components;
			sourceTree = "<group>";
		};
		6634479628D0AB6700135F28 /* App */ = {
			isa = PBXGroup;
			children = (
				6634476228D096F800135F28 /* AppDelegate.swift */,
				6634476428D096F800135F28 /* SceneDelegate.swift */,
			);
			path = App;
			sourceTree = "<group>";
		};
		824EB706FEFEC519FD69F0C6 /* Pods */ = {
			isa = PBXGroup;
			children = (
				2095AED0D4F7AF71CC858E72 /* Pods-MELI iOS Challenge.debug.xcconfig */,
				6AC14692C069D9B51498150F /* Pods-MELI iOS Challenge.release.xcconfig */,
				49F372925E204EBB44CE753F /* Pods-MELI iOS Challenge-MELI iOS ChallengeUITests.debug.xcconfig */,
				141072649EE7D88627A51BB0 /* Pods-MELI iOS Challenge-MELI iOS ChallengeUITests.release.xcconfig */,
				F949A3936318B71A08BDCACD /* Pods-MELI iOS ChallengeTests.debug.xcconfig */,
				015EEC9DB86FBCBD619707F8 /* Pods-MELI iOS ChallengeTests.release.xcconfig */,
			);
			path = Pods;
			sourceTree = "<group>";
		};
		992539D3F2315106E5D81443 /* Frameworks */ = {
			isa = PBXGroup;
			children = (
				E612E22BD5189DB19626B3D8 /* Pods_MELI_iOS_Challenge.framework */,
				4FE07A3D2A41B36E0145DDB7 /* Pods_MELI_iOS_Challenge_MELI_iOS_ChallengeUITests.framework */,
				206A8A41BA208E4F44588030 /* Pods_MELI_iOS_ChallengeTests.framework */,
			);
			name = Frameworks;
			sourceTree = "<group>";
		};
/* End PBXGroup section */

/* Begin PBXNativeTarget section */
		6634475E28D096F800135F28 /* MELI iOS Challenge */ = {
			isa = PBXNativeTarget;
			buildConfigurationList = 6634478928D096FB00135F28 /* Build configuration list for PBXNativeTarget "MELI iOS Challenge" */;
			buildPhases = (
				C0F414488DCEAE9008DD73D0 /* [CP] Check Pods Manifest.lock */,
				6634475B28D096F800135F28 /* Sources */,
				6634475C28D096F800135F28 /* Frameworks */,
				6634475D28D096F800135F28 /* Resources */,
				C94AD4702729D4B850066885 /* [CP] Embed Pods Frameworks */,
			);
			buildRules = (
			);
			dependencies = (
			);
			name = "MELI iOS Challenge";
			productName = "MELI iOS Challenge";
			productReference = 6634475F28D096F800135F28 /* MELI iOS Challenge.app */;
			productType = "com.apple.product-type.application";
		};
		6634477428D096FB00135F28 /* MELI iOS ChallengeTests */ = {
			isa = PBXNativeTarget;
			buildConfigurationList = 6634478C28D096FB00135F28 /* Build configuration list for PBXNativeTarget "MELI iOS ChallengeTests" */;
			buildPhases = (
				8FDF417D7C613D6CDB333813 /* [CP] Check Pods Manifest.lock */,
				6634477128D096FB00135F28 /* Sources */,
				6634477228D096FB00135F28 /* Frameworks */,
				6634477328D096FB00135F28 /* Resources */,
			);
			buildRules = (
			);
			dependencies = (
				6634477728D096FB00135F28 /* PBXTargetDependency */,
			);
			name = "MELI iOS ChallengeTests";
			productName = "MELI iOS ChallengeTests";
			productReference = 6634477528D096FB00135F28 /* MELI iOS ChallengeTests.xctest */;
			productType = "com.apple.product-type.bundle.unit-test";
		};
		6634477E28D096FB00135F28 /* MELI iOS ChallengeUITests */ = {
			isa = PBXNativeTarget;
			buildConfigurationList = 6634478F28D096FB00135F28 /* Build configuration list for PBXNativeTarget "MELI iOS ChallengeUITests" */;
			buildPhases = (
				28BF94245E69B2AE41528D67 /* [CP] Check Pods Manifest.lock */,
				6634477B28D096FB00135F28 /* Sources */,
				6634477C28D096FB00135F28 /* Frameworks */,
				6634477D28D096FB00135F28 /* Resources */,
				5687C27FA45EC9F60C431EEF /* [CP] Embed Pods Frameworks */,
			);
			buildRules = (
			);
			dependencies = (
				6634478128D096FB00135F28 /* PBXTargetDependency */,
			);
			name = "MELI iOS ChallengeUITests";
			productName = "MELI iOS ChallengeUITests";
			productReference = 6634477F28D096FB00135F28 /* MELI iOS ChallengeUITests.xctest */;
			productType = "com.apple.product-type.bundle.ui-testing";
		};
/* End PBXNativeTarget section */

/* Begin PBXProject section */
		6634475728D096F800135F28 /* Project object */ = {
			isa = PBXProject;
			attributes = {
				BuildIndependentTargetsInParallel = 1;
				LastSwiftUpdateCheck = 1340;
				LastUpgradeCheck = 1340;
				TargetAttributes = {
					6634475E28D096F800135F28 = {
						CreatedOnToolsVersion = 13.4.1;
					};
					6634477428D096FB00135F28 = {
						CreatedOnToolsVersion = 13.4.1;
						TestTargetID = 6634475E28D096F800135F28;
					};
					6634477E28D096FB00135F28 = {
						CreatedOnToolsVersion = 13.4.1;
						TestTargetID = 6634475E28D096F800135F28;
					};
				};
			};
			buildConfigurationList = 6634475A28D096F800135F28 /* Build configuration list for PBXProject "MELI iOS Challenge" */;
			compatibilityVersion = "Xcode 13.0";
			developmentRegion = en;
			hasScannedForEncodings = 0;
			knownRegions = (
				en,
				Base,
			);
			mainGroup = 6634475628D096F800135F28;
			productRefGroup = 6634476028D096F800135F28 /* Products */;
			projectDirPath = "";
			projectRoot = "";
			targets = (
				6634475E28D096F800135F28 /* MELI iOS Challenge */,
				6634477428D096FB00135F28 /* MELI iOS ChallengeTests */,
				6634477E28D096FB00135F28 /* MELI iOS ChallengeUITests */,
			);
		};
/* End PBXProject section */

/* Begin PBXResourcesBuildPhase section */
		6634475D28D096F800135F28 /* Resources */ = {
			isa = PBXResourcesBuildPhase;
			buildActionMask = 2147483647;
			files = (
				6634476F28D096FB00135F28 /* LaunchScreen.storyboard in Resources */,
				6634476C28D096FB00135F28 /* Assets.xcassets in Resources */,
			);
			runOnlyForDeploymentPostprocessing = 0;
		};
		6634477328D096FB00135F28 /* Resources */ = {
			isa = PBXResourcesBuildPhase;
			buildActionMask = 2147483647;
			files = (
			);
			runOnlyForDeploymentPostprocessing = 0;
		};
		6634477D28D096FB00135F28 /* Resources */ = {
			isa = PBXResourcesBuildPhase;
			buildActionMask = 2147483647;
			files = (
			);
			runOnlyForDeploymentPostprocessing = 0;
		};
/* End PBXResourcesBuildPhase section */

/* Begin PBXShellScriptBuildPhase section */
		28BF94245E69B2AE41528D67 /* [CP] Check Pods Manifest.lock */ = {
			isa = PBXShellScriptBuildPhase;
			buildActionMask = 2147483647;
			files = (
			);
			inputFileListPaths = (
			);
			inputPaths = (
				"${PODS_PODFILE_DIR_PATH}/Podfile.lock",
				"${PODS_ROOT}/Manifest.lock",
			);
			name = "[CP] Check Pods Manifest.lock";
			outputFileListPaths = (
			);
			outputPaths = (
				"$(DERIVED_FILE_DIR)/Pods-MELI iOS Challenge-MELI iOS ChallengeUITests-checkManifestLockResult.txt",
			);
			runOnlyForDeploymentPostprocessing = 0;
			shellPath = /bin/sh;
			shellScript = "diff \"${PODS_PODFILE_DIR_PATH}/Podfile.lock\" \"${PODS_ROOT}/Manifest.lock\" > /dev/null\nif [ $? != 0 ] ; then\n    # print error to STDERR\n    echo \"error: The sandbox is not in sync with the Podfile.lock. Run 'pod install' or update your CocoaPods installation.\" >&2\n    exit 1\nfi\n# This output is used by Xcode 'outputs' to avoid re-running this script phase.\necho \"SUCCESS\" > \"${SCRIPT_OUTPUT_FILE_0}\"\n";
			showEnvVarsInLog = 0;
		};
		5687C27FA45EC9F60C431EEF /* [CP] Embed Pods Frameworks */ = {
			isa = PBXShellScriptBuildPhase;
			buildActionMask = 2147483647;
			files = (
			);
			inputFileListPaths = (
				"${PODS_ROOT}/Target Support Files/Pods-MELI iOS Challenge-MELI iOS ChallengeUITests/Pods-MELI iOS Challenge-MELI iOS ChallengeUITests-frameworks-${CONFIGURATION}-input-files.xcfilelist",
			);
			name = "[CP] Embed Pods Frameworks";
			outputFileListPaths = (
				"${PODS_ROOT}/Target Support Files/Pods-MELI iOS Challenge-MELI iOS ChallengeUITests/Pods-MELI iOS Challenge-MELI iOS ChallengeUITests-frameworks-${CONFIGURATION}-output-files.xcfilelist",
			);
			runOnlyForDeploymentPostprocessing = 0;
			shellPath = /bin/sh;
			shellScript = "\"${PODS_ROOT}/Target Support Files/Pods-MELI iOS Challenge-MELI iOS ChallengeUITests/Pods-MELI iOS Challenge-MELI iOS ChallengeUITests-frameworks.sh\"\n";
			showEnvVarsInLog = 0;
		};
		8FDF417D7C613D6CDB333813 /* [CP] Check Pods Manifest.lock */ = {
			isa = PBXShellScriptBuildPhase;
			buildActionMask = 2147483647;
			files = (
			);
			inputFileListPaths = (
			);
			inputPaths = (
				"${PODS_PODFILE_DIR_PATH}/Podfile.lock",
				"${PODS_ROOT}/Manifest.lock",
			);
			name = "[CP] Check Pods Manifest.lock";
			outputFileListPaths = (
			);
			outputPaths = (
				"$(DERIVED_FILE_DIR)/Pods-MELI iOS ChallengeTests-checkManifestLockResult.txt",
			);
			runOnlyForDeploymentPostprocessing = 0;
			shellPath = /bin/sh;
			shellScript = "diff \"${PODS_PODFILE_DIR_PATH}/Podfile.lock\" \"${PODS_ROOT}/Manifest.lock\" > /dev/null\nif [ $? != 0 ] ; then\n    # print error to STDERR\n    echo \"error: The sandbox is not in sync with the Podfile.lock. Run 'pod install' or update your CocoaPods installation.\" >&2\n    exit 1\nfi\n# This output is used by Xcode 'outputs' to avoid re-running this script phase.\necho \"SUCCESS\" > \"${SCRIPT_OUTPUT_FILE_0}\"\n";
			showEnvVarsInLog = 0;
		};
		C0F414488DCEAE9008DD73D0 /* [CP] Check Pods Manifest.lock */ = {
			isa = PBXShellScriptBuildPhase;
			buildActionMask = 2147483647;
			files = (
			);
			inputFileListPaths = (
			);
			inputPaths = (
				"${PODS_PODFILE_DIR_PATH}/Podfile.lock",
				"${PODS_ROOT}/Manifest.lock",
			);
			name = "[CP] Check Pods Manifest.lock";
			outputFileListPaths = (
			);
			outputPaths = (
				"$(DERIVED_FILE_DIR)/Pods-MELI iOS Challenge-checkManifestLockResult.txt",
			);
			runOnlyForDeploymentPostprocessing = 0;
			shellPath = /bin/sh;
			shellScript = "diff \"${PODS_PODFILE_DIR_PATH}/Podfile.lock\" \"${PODS_ROOT}/Manifest.lock\" > /dev/null\nif [ $? != 0 ] ; then\n    # print error to STDERR\n    echo \"error: The sandbox is not in sync with the Podfile.lock. Run 'pod install' or update your CocoaPods installation.\" >&2\n    exit 1\nfi\n# This output is used by Xcode 'outputs' to avoid re-running this script phase.\necho \"SUCCESS\" > \"${SCRIPT_OUTPUT_FILE_0}\"\n";
			showEnvVarsInLog = 0;
		};
		C94AD4702729D4B850066885 /* [CP] Embed Pods Frameworks */ = {
			isa = PBXShellScriptBuildPhase;
			buildActionMask = 2147483647;
			files = (
			);
			inputFileListPaths = (
				"${PODS_ROOT}/Target Support Files/Pods-MELI iOS Challenge/Pods-MELI iOS Challenge-frameworks-${CONFIGURATION}-input-files.xcfilelist",
			);
			name = "[CP] Embed Pods Frameworks";
			outputFileListPaths = (
				"${PODS_ROOT}/Target Support Files/Pods-MELI iOS Challenge/Pods-MELI iOS Challenge-frameworks-${CONFIGURATION}-output-files.xcfilelist",
			);
			runOnlyForDeploymentPostprocessing = 0;
			shellPath = /bin/sh;
			shellScript = "\"${PODS_ROOT}/Target Support Files/Pods-MELI iOS Challenge/Pods-MELI iOS Challenge-frameworks.sh\"\n";
			showEnvVarsInLog = 0;
		};
/* End PBXShellScriptBuildPhase section */

/* Begin PBXSourcesBuildPhase section */
		6634475B28D096F800135F28 /* Sources */ = {
			isa = PBXSourcesBuildPhase;
			buildActionMask = 2147483647;
			files = (
				66795CA928D0EF5100C449CD /* ProductDetailController.swift in Sources */,
				66795CA528D0EC9600C449CD /* MeLiProductCell.swift in Sources */,
				66795CA328D0E75700C449CD /* MeLiTextField.swift in Sources */,
				6634476728D096F800135F28 /* HomeViewController.swift in Sources */,
				66795CA728D0EF2E00C449CD /* ProductsListController.swift in Sources */,
				6634476328D096F800135F28 /* AppDelegate.swift in Sources */,
				6634476528D096F800135F28 /* SceneDelegate.swift in Sources */,
				66795CA128D0E5CB00C449CD /* Networking.swift in Sources */,
			);
			runOnlyForDeploymentPostprocessing = 0;
		};
		6634477128D096FB00135F28 /* Sources */ = {
			isa = PBXSourcesBuildPhase;
			buildActionMask = 2147483647;
			files = (
				6634477A28D096FB00135F28 /* MELI_iOS_ChallengeTests.swift in Sources */,
			);
			runOnlyForDeploymentPostprocessing = 0;
		};
		6634477B28D096FB00135F28 /* Sources */ = {
			isa = PBXSourcesBuildPhase;
			buildActionMask = 2147483647;
			files = (
				6634478428D096FB00135F28 /* MELI_iOS_ChallengeUITests.swift in Sources */,
				6634478628D096FB00135F28 /* MELI_iOS_ChallengeUITestsLaunchTests.swift in Sources */,
			);
			runOnlyForDeploymentPostprocessing = 0;
		};
/* End PBXSourcesBuildPhase section */

/* Begin PBXTargetDependency section */
		6634477728D096FB00135F28 /* PBXTargetDependency */ = {
			isa = PBXTargetDependency;
			target = 6634475E28D096F800135F28 /* MELI iOS Challenge */;
			targetProxy = 6634477628D096FB00135F28 /* PBXContainerItemProxy */;
		};
		6634478128D096FB00135F28 /* PBXTargetDependency */ = {
			isa = PBXTargetDependency;
			target = 6634475E28D096F800135F28 /* MELI iOS Challenge */;
			targetProxy = 6634478028D096FB00135F28 /* PBXContainerItemProxy */;
		};
/* End PBXTargetDependency section */

/* Begin PBXVariantGroup section */
		6634476D28D096FB00135F28 /* LaunchScreen.storyboard */ = {
			isa = PBXVariantGroup;
			children = (
				6634476E28D096FB00135F28 /* Base */,
			);
			name = LaunchScreen.storyboard;
			sourceTree = "<group>";
		};
/* End PBXVariantGroup section */

/* Begin XCBuildConfiguration section */
		6634478728D096FB00135F28 /* Debug */ = {
			isa = XCBuildConfiguration;
			buildSettings = {
				ALWAYS_SEARCH_USER_PATHS = NO;
				CLANG_ANALYZER_NONNULL = YES;
				CLANG_ANALYZER_NUMBER_OBJECT_CONVERSION = YES_AGGRESSIVE;
				CLANG_CXX_LANGUAGE_STANDARD = "gnu++17";
				CLANG_ENABLE_MODULES = YES;
				CLANG_ENABLE_OBJC_ARC = YES;
				CLANG_ENABLE_OBJC_WEAK = YES;
				CLANG_WARN_BLOCK_CAPTURE_AUTORELEASING = YES;
				CLANG_WARN_BOOL_CONVERSION = YES;
				CLANG_WARN_COMMA = YES;
				CLANG_WARN_CONSTANT_CONVERSION = YES;
				CLANG_WARN_DEPRECATED_OBJC_IMPLEMENTATIONS = YES;
				CLANG_WARN_DIRECT_OBJC_ISA_USAGE = YES_ERROR;
				CLANG_WARN_DOCUMENTATION_COMMENTS = YES;
				CLANG_WARN_EMPTY_BODY = YES;
				CLANG_WARN_ENUM_CONVERSION = YES;
				CLANG_WARN_INFINITE_RECURSION = YES;
				CLANG_WARN_INT_CONVERSION = YES;
				CLANG_WARN_NON_LITERAL_NULL_CONVERSION = YES;
				CLANG_WARN_OBJC_IMPLICIT_RETAIN_SELF = YES;
				CLANG_WARN_OBJC_LITERAL_CONVERSION = YES;
				CLANG_WARN_OBJC_ROOT_CLASS = YES_ERROR;
				CLANG_WARN_QUOTED_INCLUDE_IN_FRAMEWORK_HEADER = YES;
				CLANG_WARN_RANGE_LOOP_ANALYSIS = YES;
				CLANG_WARN_STRICT_PROTOTYPES = YES;
				CLANG_WARN_SUSPICIOUS_MOVE = YES;
				CLANG_WARN_UNGUARDED_AVAILABILITY = YES_AGGRESSIVE;
				CLANG_WARN_UNREACHABLE_CODE = YES;
				CLANG_WARN__DUPLICATE_METHOD_MATCH = YES;
				COPY_PHASE_STRIP = NO;
				DEBUG_INFORMATION_FORMAT = dwarf;
				ENABLE_STRICT_OBJC_MSGSEND = YES;
				ENABLE_TESTABILITY = YES;
				GCC_C_LANGUAGE_STANDARD = gnu11;
				GCC_DYNAMIC_NO_PIC = NO;
				GCC_NO_COMMON_BLOCKS = YES;
				GCC_OPTIMIZATION_LEVEL = 0;
				GCC_PREPROCESSOR_DEFINITIONS = (
					"DEBUG=1",
					"$(inherited)",
				);
				GCC_WARN_64_TO_32_BIT_CONVERSION = YES;
				GCC_WARN_ABOUT_RETURN_TYPE = YES_ERROR;
				GCC_WARN_UNDECLARED_SELECTOR = YES;
				GCC_WARN_UNINITIALIZED_AUTOS = YES_AGGRESSIVE;
				GCC_WARN_UNUSED_FUNCTION = YES;
				GCC_WARN_UNUSED_VARIABLE = YES;
				IPHONEOS_DEPLOYMENT_TARGET = 15.5;
				MTL_ENABLE_DEBUG_INFO = INCLUDE_SOURCE;
				MTL_FAST_MATH = YES;
				ONLY_ACTIVE_ARCH = YES;
				SDKROOT = iphoneos;
				SWIFT_ACTIVE_COMPILATION_CONDITIONS = DEBUG;
				SWIFT_OPTIMIZATION_LEVEL = "-Onone";
			};
			name = Debug;
		};
		6634478828D096FB00135F28 /* Release */ = {
			isa = XCBuildConfiguration;
			buildSettings = {
				ALWAYS_SEARCH_USER_PATHS = NO;
				CLANG_ANALYZER_NONNULL = YES;
				CLANG_ANALYZER_NUMBER_OBJECT_CONVERSION = YES_AGGRESSIVE;
				CLANG_CXX_LANGUAGE_STANDARD = "gnu++17";
				CLANG_ENABLE_MODULES = YES;
				CLANG_ENABLE_OBJC_ARC = YES;
				CLANG_ENABLE_OBJC_WEAK = YES;
				CLANG_WARN_BLOCK_CAPTURE_AUTORELEASING = YES;
				CLANG_WARN_BOOL_CONVERSION = YES;
				CLANG_WARN_COMMA = YES;
				CLANG_WARN_CONSTANT_CONVERSION = YES;
				CLANG_WARN_DEPRECATED_OBJC_IMPLEMENTATIONS = YES;
				CLANG_WARN_DIRECT_OBJC_ISA_USAGE = YES_ERROR;
				CLANG_WARN_DOCUMENTATION_COMMENTS = YES;
				CLANG_WARN_EMPTY_BODY = YES;
				CLANG_WARN_ENUM_CONVERSION = YES;
				CLANG_WARN_INFINITE_RECURSION = YES;
				CLANG_WARN_INT_CONVERSION = YES;
				CLANG_WARN_NON_LITERAL_NULL_CONVERSION = YES;
				CLANG_WARN_OBJC_IMPLICIT_RETAIN_SELF = YES;
				CLANG_WARN_OBJC_LITERAL_CONVERSION = YES;
				CLANG_WARN_OBJC_ROOT_CLASS = YES_ERROR;
				CLANG_WARN_QUOTED_INCLUDE_IN_FRAMEWORK_HEADER = YES;
				CLANG_WARN_RANGE_LOOP_ANALYSIS = YES;
				CLANG_WARN_STRICT_PROTOTYPES = YES;
				CLANG_WARN_SUSPICIOUS_MOVE = YES;
				CLANG_WARN_UNGUARDED_AVAILABILITY = YES_AGGRESSIVE;
				CLANG_WARN_UNREACHABLE_CODE = YES;
				CLANG_WARN__DUPLICATE_METHOD_MATCH = YES;
				COPY_PHASE_STRIP = NO;
				DEBUG_INFORMATION_FORMAT = "dwarf-with-dsym";
				ENABLE_NS_ASSERTIONS = NO;
				ENABLE_STRICT_OBJC_MSGSEND = YES;
				GCC_C_LANGUAGE_STANDARD = gnu11;
				GCC_NO_COMMON_BLOCKS = YES;
				GCC_WARN_64_TO_32_BIT_CONVERSION = YES;
				GCC_WARN_ABOUT_RETURN_TYPE = YES_ERROR;
				GCC_WARN_UNDECLARED_SELECTOR = YES;
				GCC_WARN_UNINITIALIZED_AUTOS = YES_AGGRESSIVE;
				GCC_WARN_UNUSED_FUNCTION = YES;
				GCC_WARN_UNUSED_VARIABLE = YES;
				IPHONEOS_DEPLOYMENT_TARGET = 15.5;
				MTL_ENABLE_DEBUG_INFO = NO;
				MTL_FAST_MATH = YES;
				SDKROOT = iphoneos;
				SWIFT_COMPILATION_MODE = wholemodule;
				SWIFT_OPTIMIZATION_LEVEL = "-O";
				VALIDATE_PRODUCT = YES;
			};
			name = Release;
		};
		6634478A28D096FB00135F28 /* Debug */ = {
			isa = XCBuildConfiguration;
			baseConfigurationReference = 2095AED0D4F7AF71CC858E72 /* Pods-MELI iOS Challenge.debug.xcconfig */;
			buildSettings = {
				ASSETCATALOG_COMPILER_APPICON_NAME = AppIcon;
				ASSETCATALOG_COMPILER_GLOBAL_ACCENT_COLOR_NAME = AccentColor;
				CODE_SIGN_STYLE = Automatic;
				CURRENT_PROJECT_VERSION = 1;
				DEVELOPMENT_TEAM = DH6U58F734;
				GENERATE_INFOPLIST_FILE = YES;
				INFOPLIST_FILE = "MELI iOS Challenge/Info.plist";
				INFOPLIST_KEY_UIApplicationSupportsIndirectInputEvents = YES;
				INFOPLIST_KEY_UILaunchStoryboardName = LaunchScreen;
				INFOPLIST_KEY_UIMainStoryboardFile = "";
				INFOPLIST_KEY_UISupportedInterfaceOrientations_iPad = "UIInterfaceOrientationPortrait UIInterfaceOrientationPortraitUpsideDown UIInterfaceOrientationLandscapeLeft UIInterfaceOrientationLandscapeRight";
				INFOPLIST_KEY_UISupportedInterfaceOrientations_iPhone = "UIInterfaceOrientationPortrait UIInterfaceOrientationLandscapeLeft UIInterfaceOrientationLandscapeRight";
				LD_RUNPATH_SEARCH_PATHS = (
					"$(inherited)",
					"@executable_path/Frameworks",
				);
				MARKETING_VERSION = 1.0;
				PRODUCT_BUNDLE_IDENTIFIER = "com.fcamilletti.MELI-iOS-Challenge";
				PRODUCT_NAME = "$(TARGET_NAME)";
				SWIFT_EMIT_LOC_STRINGS = YES;
				SWIFT_VERSION = 5.0;
				TARGETED_DEVICE_FAMILY = "1,2";
			};
			name = Debug;
		};
		6634478B28D096FB00135F28 /* Release */ = {
			isa = XCBuildConfiguration;
			baseConfigurationReference = 6AC14692C069D9B51498150F /* Pods-MELI iOS Challenge.release.xcconfig */;
			buildSettings = {
				ASSETCATALOG_COMPILER_APPICON_NAME = AppIcon;
				ASSETCATALOG_COMPILER_GLOBAL_ACCENT_COLOR_NAME = AccentColor;
				CODE_SIGN_STYLE = Automatic;
				CURRENT_PROJECT_VERSION = 1;
				DEVELOPMENT_TEAM = DH6U58F734;
				GENERATE_INFOPLIST_FILE = YES;
				INFOPLIST_FILE = "MELI iOS Challenge/Info.plist";
				INFOPLIST_KEY_UIApplicationSupportsIndirectInputEvents = YES;
				INFOPLIST_KEY_UILaunchStoryboardName = LaunchScreen;
				INFOPLIST_KEY_UIMainStoryboardFile = "";
				INFOPLIST_KEY_UISupportedInterfaceOrientations_iPad = "UIInterfaceOrientationPortrait UIInterfaceOrientationPortraitUpsideDown UIInterfaceOrientationLandscapeLeft UIInterfaceOrientationLandscapeRight";
				INFOPLIST_KEY_UISupportedInterfaceOrientations_iPhone = "UIInterfaceOrientationPortrait UIInterfaceOrientationLandscapeLeft UIInterfaceOrientationLandscapeRight";
				LD_RUNPATH_SEARCH_PATHS = (
					"$(inherited)",
					"@executable_path/Frameworks",
				);
				MARKETING_VERSION = 1.0;
				PRODUCT_BUNDLE_IDENTIFIER = "com.fcamilletti.MELI-iOS-Challenge";
				PRODUCT_NAME = "$(TARGET_NAME)";
				SWIFT_EMIT_LOC_STRINGS = YES;
				SWIFT_VERSION = 5.0;
				TARGETED_DEVICE_FAMILY = "1,2";
			};
			name = Release;
		};
		6634478D28D096FB00135F28 /* Debug */ = {
			isa = XCBuildConfiguration;
			baseConfigurationReference = F949A3936318B71A08BDCACD /* Pods-MELI iOS ChallengeTests.debug.xcconfig */;
			buildSettings = {
				ALWAYS_EMBED_SWIFT_STANDARD_LIBRARIES = YES;
				BUNDLE_LOADER = "$(TEST_HOST)";
				CODE_SIGN_STYLE = Automatic;
				CURRENT_PROJECT_VERSION = 1;
				DEVELOPMENT_TEAM = DH6U58F734;
				GENERATE_INFOPLIST_FILE = YES;
				IPHONEOS_DEPLOYMENT_TARGET = 15.5;
				MARKETING_VERSION = 1.0;
				PRODUCT_BUNDLE_IDENTIFIER = "com.fcamilletti.MELI-iOS-ChallengeTests";
				PRODUCT_NAME = "$(TARGET_NAME)";
				SWIFT_EMIT_LOC_STRINGS = NO;
				SWIFT_VERSION = 5.0;
				TARGETED_DEVICE_FAMILY = "1,2";
				TEST_HOST = "$(BUILT_PRODUCTS_DIR)/MELI iOS Challenge.app/MELI iOS Challenge";
			};
			name = Debug;
		};
		6634478E28D096FB00135F28 /* Release */ = {
			isa = XCBuildConfiguration;
			baseConfigurationReference = 015EEC9DB86FBCBD619707F8 /* Pods-MELI iOS ChallengeTests.release.xcconfig */;
			buildSettings = {
				ALWAYS_EMBED_SWIFT_STANDARD_LIBRARIES = YES;
				BUNDLE_LOADER = "$(TEST_HOST)";
				CODE_SIGN_STYLE = Automatic;
				CURRENT_PROJECT_VERSION = 1;
				DEVELOPMENT_TEAM = DH6U58F734;
				GENERATE_INFOPLIST_FILE = YES;
				IPHONEOS_DEPLOYMENT_TARGET = 15.5;
				MARKETING_VERSION = 1.0;
				PRODUCT_BUNDLE_IDENTIFIER = "com.fcamilletti.MELI-iOS-ChallengeTests";
				PRODUCT_NAME = "$(TARGET_NAME)";
				SWIFT_EMIT_LOC_STRINGS = NO;
				SWIFT_VERSION = 5.0;
				TARGETED_DEVICE_FAMILY = "1,2";
				TEST_HOST = "$(BUILT_PRODUCTS_DIR)/MELI iOS Challenge.app/MELI iOS Challenge";
			};
			name = Release;
		};
		6634479028D096FB00135F28 /* Debug */ = {
			isa = XCBuildConfiguration;
			baseConfigurationReference = 49F372925E204EBB44CE753F /* Pods-MELI iOS Challenge-MELI iOS ChallengeUITests.debug.xcconfig */;
			buildSettings = {
				ALWAYS_EMBED_SWIFT_STANDARD_LIBRARIES = YES;
				CODE_SIGN_STYLE = Automatic;
				CURRENT_PROJECT_VERSION = 1;
				DEVELOPMENT_TEAM = DH6U58F734;
				GENERATE_INFOPLIST_FILE = YES;
				MARKETING_VERSION = 1.0;
				PRODUCT_BUNDLE_IDENTIFIER = "com.fcamilletti.MELI-iOS-ChallengeUITests";
				PRODUCT_NAME = "$(TARGET_NAME)";
				SWIFT_EMIT_LOC_STRINGS = NO;
				SWIFT_VERSION = 5.0;
				TARGETED_DEVICE_FAMILY = "1,2";
				TEST_TARGET_NAME = "MELI iOS Challenge";
			};
			name = Debug;
		};
		6634479128D096FB00135F28 /* Release */ = {
			isa = XCBuildConfiguration;
			baseConfigurationReference = 141072649EE7D88627A51BB0 /* Pods-MELI iOS Challenge-MELI iOS ChallengeUITests.release.xcconfig */;
			buildSettings = {
				ALWAYS_EMBED_SWIFT_STANDARD_LIBRARIES = YES;
				CODE_SIGN_STYLE = Automatic;
				CURRENT_PROJECT_VERSION = 1;
				DEVELOPMENT_TEAM = DH6U58F734;
				GENERATE_INFOPLIST_FILE = YES;
				MARKETING_VERSION = 1.0;
				PRODUCT_BUNDLE_IDENTIFIER = "com.fcamilletti.MELI-iOS-ChallengeUITests";
				PRODUCT_NAME = "$(TARGET_NAME)";
				SWIFT_EMIT_LOC_STRINGS = NO;
				SWIFT_VERSION = 5.0;
				TARGETED_DEVICE_FAMILY = "1,2";
				TEST_TARGET_NAME = "MELI iOS Challenge";
			};
			name = Release;
		};
/* End XCBuildConfiguration section */

/* Begin XCConfigurationList section */
		6634475A28D096F800135F28 /* Build configuration list for PBXProject "MELI iOS Challenge" */ = {
			isa = XCConfigurationList;
			buildConfigurations = (
				6634478728D096FB00135F28 /* Debug */,
				6634478828D096FB00135F28 /* Release */,
			);
			defaultConfigurationIsVisible = 0;
			defaultConfigurationName = Release;
		};
		6634478928D096FB00135F28 /* Build configuration list for PBXNativeTarget "MELI iOS Challenge" */ = {
			isa = XCConfigurationList;
			buildConfigurations = (
				6634478A28D096FB00135F28 /* Debug */,
				6634478B28D096FB00135F28 /* Release */,
			);
			defaultConfigurationIsVisible = 0;
			defaultConfigurationName = Release;
		};
		6634478C28D096FB00135F28 /* Build configuration list for PBXNativeTarget "MELI iOS ChallengeTests" */ = {
			isa = XCConfigurationList;
			buildConfigurations = (
				6634478D28D096FB00135F28 /* Debug */,
				6634478E28D096FB00135F28 /* Release */,
			);
			defaultConfigurationIsVisible = 0;
			defaultConfigurationName = Release;
		};
		6634478F28D096FB00135F28 /* Build configuration list for PBXNativeTarget "MELI iOS ChallengeUITests" */ = {
			isa = XCConfigurationList;
			buildConfigurations = (
				6634479028D096FB00135F28 /* Debug */,
				6634479128D096FB00135F28 /* Release */,
			);
			defaultConfigurationIsVisible = 0;
			defaultConfigurationName = Release;
		};
/* End XCConfigurationList section */
	};
	rootObject = 6634475728D096F800135F28 /* Project object */;
}
